
Microsoft Visual Studio Solution File, Format Version 12.00
# Visual Studio Version 17
VisualStudioVersion = 17.6.33815.320
MinimumVisualStudioVersion = 10.0.40219.1
Project("{FAE04EC0-301F-11D3-BF4B-00C04F79EFBC}") = "CustomExceptionDemo2", "CustomExceptionDemo2\CustomExceptionDemo2.csproj", "{205E8309-171A-4DAF-AE88-743914385C5D}"
EndProject
Global
	GlobalSection(SolutionConfigurationPlatforms) = preSolution
		Debug|Any CPU = Debug|Any CPU
		Release|Any CPU = Release|Any CPU
	EndGlobalSection
	GlobalSection(ProjectConfigurationPlatforms) = postSolution
		{205E8309-171A-4DAF-AE88-743914385C5D}.Debug|Any CPU.ActiveCfg = Debug|Any CPU
		{205E8309-171A-4DAF-AE88-743914385C5D}.Debug|Any CPU.Build.0 = Debug|Any CPU
		{205E8309-171A-4DAF-AE88-743914385C5D}.Release|Any CPU.ActiveCfg = Release|Any CPU
		{205E8309-171A-4DAF-AE88-743914385C5D}.Release|Any CPU.Build.0 = Release|Any CPU
	EndGlobalSection
	GlobalSection(SolutionProperties) = preSolution
		HideSolutionNode = FALSE
	EndGlobalSection
	GlobalSection(ExtensibilityGlobals) = postSolution
		SolutionGuid = {2BE4C7BA-09F4-4820-9400-4E185638F890}
	EndGlobalSection
EndGlobal
