
Microsoft Visual Studio Solution File, Format Version 12.00
# Visual Studio Version 17
VisualStudioVersion = 17.6.33815.320
MinimumVisualStudioVersion = 10.0.40219.1
Project("{FAE04EC0-301F-11D3-BF4B-00C04F79EFBC}") = "CopyConstructorDemo2", "CopyConstructorDemo2\CopyConstructorDemo2.csproj", "{D4706444-8EB8-4A01-A17E-E40C1D1188B7}"
EndProject
Global
	GlobalSection(SolutionConfigurationPlatforms) = preSolution
		Debug|Any CPU = Debug|Any CPU
		Release|Any CPU = Release|Any CPU
	EndGlobalSection
	GlobalSection(ProjectConfigurationPlatforms) = postSolution
		{D4706444-8EB8-4A01-A17E-E40C1D1188B7}.Debug|Any CPU.ActiveCfg = Debug|Any CPU
		{D4706444-8EB8-4A01-A17E-E40C1D1188B7}.Debug|Any CPU.Build.0 = Debug|Any CPU
		{D4706444-8EB8-4A01-A17E-E40C1D1188B7}.Release|Any CPU.ActiveCfg = Release|Any CPU
		{D4706444-8EB8-4A01-A17E-E40C1D1188B7}.Release|Any CPU.Build.0 = Release|Any CPU
	EndGlobalSection
	GlobalSection(SolutionProperties) = preSolution
		HideSolutionNode = FALSE
	EndGlobalSection
	GlobalSection(ExtensibilityGlobals) = postSolution
		SolutionGuid = {F7B296FB-0390-4A8B-8CC6-8CA6984CE6CD}
	EndGlobalSection
EndGlobal
