
Microsoft Visual Studio Solution File, Format Version 12.00
# Visual Studio Version 17
VisualStudioVersion = 17.6.33815.320
MinimumVisualStudioVersion = 10.0.40219.1
Project("{FAE04EC0-301F-11D3-BF4B-00C04F79EFBC}") = "MultiCatchBlocks", "MultiCatchBlocks\MultiCatchBlocks.csproj", "{34F5586B-2E10-458A-B5AE-4AF69D4430C7}"
EndProject
Global
	GlobalSection(SolutionConfigurationPlatforms) = preSolution
		Debug|Any CPU = Debug|Any CPU
		Release|Any CPU = Release|Any CPU
	EndGlobalSection
	GlobalSection(ProjectConfigurationPlatforms) = postSolution
		{34F5586B-2E10-458A-B5AE-4AF69D4430C7}.Debug|Any CPU.ActiveCfg = Debug|Any CPU
		{34F5586B-2E10-458A-B5AE-4AF69D4430C7}.Debug|Any CPU.Build.0 = Debug|Any CPU
		{34F5586B-2E10-458A-B5AE-4AF69D4430C7}.Release|Any CPU.ActiveCfg = Release|Any CPU
		{34F5586B-2E10-458A-B5AE-4AF69D4430C7}.Release|Any CPU.Build.0 = Release|Any CPU
	EndGlobalSection
	GlobalSection(SolutionProperties) = preSolution
		HideSolutionNode = FALSE
	EndGlobalSection
	GlobalSection(ExtensibilityGlobals) = postSolution
		SolutionGuid = {E6DD66D8-F0E8-49D5-BC51-BB1A8E816935}
	EndGlobalSection
EndGlobal
