
Microsoft Visual Studio Solution File, Format Version 12.00
# Visual Studio Version 17
VisualStudioVersion = 17.6.33815.320
MinimumVisualStudioVersion = 10.0.40219.1
Project("{FAE04EC0-301F-11D3-BF4B-00C04F79EFBC}") = "UserDefinedException", "UserDefinedException\UserDefinedException.csproj", "{37F464F0-D1E1-4502-8254-5036678AED6C}"
EndProject
Global
	GlobalSection(SolutionConfigurationPlatforms) = preSolution
		Debug|Any CPU = Debug|Any CPU
		Release|Any CPU = Release|Any CPU
	EndGlobalSection
	GlobalSection(ProjectConfigurationPlatforms) = postSolution
		{37F464F0-D1E1-4502-8254-5036678AED6C}.Debug|Any CPU.ActiveCfg = Debug|Any CPU
		{37F464F0-D1E1-4502-8254-5036678AED6C}.Debug|Any CPU.Build.0 = Debug|Any CPU
		{37F464F0-D1E1-4502-8254-5036678AED6C}.Release|Any CPU.ActiveCfg = Release|Any CPU
		{37F464F0-D1E1-4502-8254-5036678AED6C}.Release|Any CPU.Build.0 = Release|Any CPU
	EndGlobalSection
	GlobalSection(SolutionProperties) = preSolution
		HideSolutionNode = FALSE
	EndGlobalSection
	GlobalSection(ExtensibilityGlobals) = postSolution
		SolutionGuid = {4130BEF4-9A76-41A9-A605-679C173D216F}
	EndGlobalSection
EndGlobal
