
Microsoft Visual Studio Solution File, Format Version 12.00
# Visual Studio Version 17
VisualStudioVersion = 17.6.33815.320
MinimumVisualStudioVersion = 10.0.40219.1
Project("{FAE04EC0-301F-11D3-BF4B-00C04F79EFBC}") = "03_PositiveNegativeNumber", "03_PositiveNegativeNumber\03_PositiveNegativeNumber.csproj", "{77B6C62F-F51D-4ADF-8F4D-F1119A2E2F39}"
EndProject
Global
	GlobalSection(SolutionConfigurationPlatforms) = preSolution
		Debug|Any CPU = Debug|Any CPU
		Release|Any CPU = Release|Any CPU
	EndGlobalSection
	GlobalSection(ProjectConfigurationPlatforms) = postSolution
		{77B6C62F-F51D-4ADF-8F4D-F1119A2E2F39}.Debug|Any CPU.ActiveCfg = Debug|Any CPU
		{77B6C62F-F51D-4ADF-8F4D-F1119A2E2F39}.Debug|Any CPU.Build.0 = Debug|Any CPU
		{77B6C62F-F51D-4ADF-8F4D-F1119A2E2F39}.Release|Any CPU.ActiveCfg = Release|Any CPU
		{77B6C62F-F51D-4ADF-8F4D-F1119A2E2F39}.Release|Any CPU.Build.0 = Release|Any CPU
	EndGlobalSection
	GlobalSection(SolutionProperties) = preSolution
		HideSolutionNode = FALSE
	EndGlobalSection
	GlobalSection(ExtensibilityGlobals) = postSolution
		SolutionGuid = {FE0FEC42-CE54-4D42-867D-4147D7C45F02}
	EndGlobalSection
EndGlobal
