
Microsoft Visual Studio Solution File, Format Version 12.00
# Visual Studio Version 17
VisualStudioVersion = 17.6.33815.320
MinimumVisualStudioVersion = 10.0.40219.1
Project("{FAE04EC0-301F-11D3-BF4B-00C04F79EFBC}") = "SealedClassDemo", "SealedClassDemo\SealedClassDemo.csproj", "{F860E92D-159C-4C0B-9AD3-739A01713EBE}"
EndProject
Global
	GlobalSection(SolutionConfigurationPlatforms) = preSolution
		Debug|Any CPU = Debug|Any CPU
		Release|Any CPU = Release|Any CPU
	EndGlobalSection
	GlobalSection(ProjectConfigurationPlatforms) = postSolution
		{F860E92D-159C-4C0B-9AD3-739A01713EBE}.Debug|Any CPU.ActiveCfg = Debug|Any CPU
		{F860E92D-159C-4C0B-9AD3-739A01713EBE}.Debug|Any CPU.Build.0 = Debug|Any CPU
		{F860E92D-159C-4C0B-9AD3-739A01713EBE}.Release|Any CPU.ActiveCfg = Release|Any CPU
		{F860E92D-159C-4C0B-9AD3-739A01713EBE}.Release|Any CPU.Build.0 = Release|Any CPU
	EndGlobalSection
	GlobalSection(SolutionProperties) = preSolution
		HideSolutionNode = FALSE
	EndGlobalSection
	GlobalSection(ExtensibilityGlobals) = postSolution
		SolutionGuid = {6FA359FA-EBAD-4617-AFC0-06A93320B026}
	EndGlobalSection
EndGlobal
