
Microsoft Visual Studio Solution File, Format Version 12.00
# Visual Studio Version 17
VisualStudioVersion = 17.6.33815.320
MinimumVisualStudioVersion = 10.0.40219.1
Project("{FAE04EC0-301F-11D3-BF4B-00C04F79EFBC}") = "ExtentionMethodUserDefined", "ExtentionMethodUserDefined\ExtentionMethodUserDefined.csproj", "{97052401-9EA5-47BF-8FFE-839130BE2E6B}"
EndProject
Global
	GlobalSection(SolutionConfigurationPlatforms) = preSolution
		Debug|Any CPU = Debug|Any CPU
		Release|Any CPU = Release|Any CPU
	EndGlobalSection
	GlobalSection(ProjectConfigurationPlatforms) = postSolution
		{97052401-9EA5-47BF-8FFE-839130BE2E6B}.Debug|Any CPU.ActiveCfg = Debug|Any CPU
		{97052401-9EA5-47BF-8FFE-839130BE2E6B}.Debug|Any CPU.Build.0 = Debug|Any CPU
		{97052401-9EA5-47BF-8FFE-839130BE2E6B}.Release|Any CPU.ActiveCfg = Release|Any CPU
		{97052401-9EA5-47BF-8FFE-839130BE2E6B}.Release|Any CPU.Build.0 = Release|Any CPU
	EndGlobalSection
	GlobalSection(SolutionProperties) = preSolution
		HideSolutionNode = FALSE
	EndGlobalSection
	GlobalSection(ExtensibilityGlobals) = postSolution
		SolutionGuid = {2828E34A-D817-4F73-94D1-0239C4EC32F1}
	EndGlobalSection
EndGlobal
