
Microsoft Visual Studio Solution File, Format Version 12.00
# Visual Studio Version 17
VisualStudioVersion = 17.6.33815.320
MinimumVisualStudioVersion = 10.0.40219.1
Project("{FAE04EC0-301F-11D3-BF4B-00C04F79EFBC}") = "OperatorOverloadingDemo2", "OperatorOverloadingDemo2\OperatorOverloadingDemo2.csproj", "{18CA8CA0-9C2A-436B-8E5C-A546CFF958B1}"
EndProject
Global
	GlobalSection(SolutionConfigurationPlatforms) = preSolution
		Debug|Any CPU = Debug|Any CPU
		Release|Any CPU = Release|Any CPU
	EndGlobalSection
	GlobalSection(ProjectConfigurationPlatforms) = postSolution
		{18CA8CA0-9C2A-436B-8E5C-A546CFF958B1}.Debug|Any CPU.ActiveCfg = Debug|Any CPU
		{18CA8CA0-9C2A-436B-8E5C-A546CFF958B1}.Debug|Any CPU.Build.0 = Debug|Any CPU
		{18CA8CA0-9C2A-436B-8E5C-A546CFF958B1}.Release|Any CPU.ActiveCfg = Release|Any CPU
		{18CA8CA0-9C2A-436B-8E5C-A546CFF958B1}.Release|Any CPU.Build.0 = Release|Any CPU
	EndGlobalSection
	GlobalSection(SolutionProperties) = preSolution
		HideSolutionNode = FALSE
	EndGlobalSection
	GlobalSection(ExtensibilityGlobals) = postSolution
		SolutionGuid = {BF337849-087A-4E9C-88DB-5F690DBC71A0}
	EndGlobalSection
EndGlobal
