
Microsoft Visual Studio Solution File, Format Version 12.00
# Visual Studio Version 17
VisualStudioVersion = 17.6.33815.320
MinimumVisualStudioVersion = 10.0.40219.1
Project("{FAE04EC0-301F-11D3-BF4B-00C04F79EFBC}") = "InParaDemo", "InParaDemo\InParaDemo.csproj", "{1B421F34-7B2B-4A8D-8625-1F415B51CFEE}"
EndProject
Global
	GlobalSection(SolutionConfigurationPlatforms) = preSolution
		Debug|Any CPU = Debug|Any CPU
		Release|Any CPU = Release|Any CPU
	EndGlobalSection
	GlobalSection(ProjectConfigurationPlatforms) = postSolution
		{1B421F34-7B2B-4A8D-8625-1F415B51CFEE}.Debug|Any CPU.ActiveCfg = Debug|Any CPU
		{1B421F34-7B2B-4A8D-8625-1F415B51CFEE}.Debug|Any CPU.Build.0 = Debug|Any CPU
		{1B421F34-7B2B-4A8D-8625-1F415B51CFEE}.Release|Any CPU.ActiveCfg = Release|Any CPU
		{1B421F34-7B2B-4A8D-8625-1F415B51CFEE}.Release|Any CPU.Build.0 = Release|Any CPU
	EndGlobalSection
	GlobalSection(SolutionProperties) = preSolution
		HideSolutionNode = FALSE
	EndGlobalSection
	GlobalSection(ExtensibilityGlobals) = postSolution
		SolutionGuid = {FF7666DA-C5BA-4F2F-9CE6-D19DDF9C6084}
	EndGlobalSection
EndGlobal
