
Microsoft Visual Studio Solution File, Format Version 12.00
# Visual Studio Version 17
VisualStudioVersion = 17.6.33815.320
MinimumVisualStudioVersion = 10.0.40219.1
Project("{FAE04EC0-301F-11D3-BF4B-00C04F79EFBC}") = "DelegateDemo1", "DelegateDemo1\DelegateDemo1.csproj", "{A21318F7-6AFC-4942-AF9A-08BF7864043F}"
EndProject
Global
	GlobalSection(SolutionConfigurationPlatforms) = preSolution
		Debug|Any CPU = Debug|Any CPU
		Release|Any CPU = Release|Any CPU
	EndGlobalSection
	GlobalSection(ProjectConfigurationPlatforms) = postSolution
		{A21318F7-6AFC-4942-AF9A-08BF7864043F}.Debug|Any CPU.ActiveCfg = Debug|Any CPU
		{A21318F7-6AFC-4942-AF9A-08BF7864043F}.Debug|Any CPU.Build.0 = Debug|Any CPU
		{A21318F7-6AFC-4942-AF9A-08BF7864043F}.Release|Any CPU.ActiveCfg = Release|Any CPU
		{A21318F7-6AFC-4942-AF9A-08BF7864043F}.Release|Any CPU.Build.0 = Release|Any CPU
	EndGlobalSection
	GlobalSection(SolutionProperties) = preSolution
		HideSolutionNode = FALSE
	EndGlobalSection
	GlobalSection(ExtensibilityGlobals) = postSolution
		SolutionGuid = {996CD745-6F9B-4AF8-9213-EF26160D7F9E}
	EndGlobalSection
EndGlobal
