
Microsoft Visual Studio Solution File, Format Version 12.00
# Visual Studio Version 17
VisualStudioVersion = 17.6.33815.320
MinimumVisualStudioVersion = 10.0.40219.1
Project("{FAE04EC0-301F-11D3-BF4B-00C04F79EFBC}") = "StructDemoExtended", "StructDemoExtended\StructDemoExtended.csproj", "{EB0FD7DB-E27A-4E33-BF11-8EC381C3D5B7}"
EndProject
Global
	GlobalSection(SolutionConfigurationPlatforms) = preSolution
		Debug|Any CPU = Debug|Any CPU
		Release|Any CPU = Release|Any CPU
	EndGlobalSection
	GlobalSection(ProjectConfigurationPlatforms) = postSolution
		{EB0FD7DB-E27A-4E33-BF11-8EC381C3D5B7}.Debug|Any CPU.ActiveCfg = Debug|Any CPU
		{EB0FD7DB-E27A-4E33-BF11-8EC381C3D5B7}.Debug|Any CPU.Build.0 = Debug|Any CPU
		{EB0FD7DB-E27A-4E33-BF11-8EC381C3D5B7}.Release|Any CPU.ActiveCfg = Release|Any CPU
		{EB0FD7DB-E27A-4E33-BF11-8EC381C3D5B7}.Release|Any CPU.Build.0 = Release|Any CPU
	EndGlobalSection
	GlobalSection(SolutionProperties) = preSolution
		HideSolutionNode = FALSE
	EndGlobalSection
	GlobalSection(ExtensibilityGlobals) = postSolution
		SolutionGuid = {246599F3-6C2B-4AE3-91C5-BA5F145AC472}
	EndGlobalSection
EndGlobal
