
Microsoft Visual Studio Solution File, Format Version 12.00
# Visual Studio Version 17
VisualStudioVersion = 17.6.33815.320
MinimumVisualStudioVersion = 10.0.40219.1
Project("{FAE04EC0-301F-11D3-BF4B-00C04F79EFBC}") = "StructConstructorDemo", "StructConstructorDemo\StructConstructorDemo.csproj", "{C87AF32E-A491-47A9-B1A0-0562DBCACB8A}"
EndProject
Global
	GlobalSection(SolutionConfigurationPlatforms) = preSolution
		Debug|Any CPU = Debug|Any CPU
		Release|Any CPU = Release|Any CPU
	EndGlobalSection
	GlobalSection(ProjectConfigurationPlatforms) = postSolution
		{C87AF32E-A491-47A9-B1A0-0562DBCACB8A}.Debug|Any CPU.ActiveCfg = Debug|Any CPU
		{C87AF32E-A491-47A9-B1A0-0562DBCACB8A}.Debug|Any CPU.Build.0 = Debug|Any CPU
		{C87AF32E-A491-47A9-B1A0-0562DBCACB8A}.Release|Any CPU.ActiveCfg = Release|Any CPU
		{C87AF32E-A491-47A9-B1A0-0562DBCACB8A}.Release|Any CPU.Build.0 = Release|Any CPU
	EndGlobalSection
	GlobalSection(SolutionProperties) = preSolution
		HideSolutionNode = FALSE
	EndGlobalSection
	GlobalSection(ExtensibilityGlobals) = postSolution
		SolutionGuid = {516020C6-A5F6-4665-AFC6-C34C73392F10}
	EndGlobalSection
EndGlobal
