
Microsoft Visual Studio Solution File, Format Version 12.00
# Visual Studio Version 17
VisualStudioVersion = 17.6.33815.320
MinimumVisualStudioVersion = 10.0.40219.1
Project("{FAE04EC0-301F-11D3-BF4B-00C04F79EFBC}") = "Method Overloading", "Method Overloading\Method Overloading.csproj", "{0020C252-8AD1-46D1-A6A1-DC8BE155305B}"
EndProject
Global
	GlobalSection(SolutionConfigurationPlatforms) = preSolution
		Debug|Any CPU = Debug|Any CPU
		Release|Any CPU = Release|Any CPU
	EndGlobalSection
	GlobalSection(ProjectConfigurationPlatforms) = postSolution
		{0020C252-8AD1-46D1-A6A1-DC8BE155305B}.Debug|Any CPU.ActiveCfg = Debug|Any CPU
		{0020C252-8AD1-46D1-A6A1-DC8BE155305B}.Debug|Any CPU.Build.0 = Debug|Any CPU
		{0020C252-8AD1-46D1-A6A1-DC8BE155305B}.Release|Any CPU.ActiveCfg = Release|Any CPU
		{0020C252-8AD1-46D1-A6A1-DC8BE155305B}.Release|Any CPU.Build.0 = Release|Any CPU
	EndGlobalSection
	GlobalSection(SolutionProperties) = preSolution
		HideSolutionNode = FALSE
	EndGlobalSection
	GlobalSection(ExtensibilityGlobals) = postSolution
		SolutionGuid = {CF0DFA94-BDE8-4ACC-9EFA-C03600C01CCD}
	EndGlobalSection
EndGlobal
