
Microsoft Visual Studio Solution File, Format Version 12.00
# Visual Studio Version 17
VisualStudioVersion = 17.6.33815.320
MinimumVisualStudioVersion = 10.0.40219.1
Project("{FAE04EC0-301F-11D3-BF4B-00C04F79EFBC}") = "Operator Overloading", "Operator Overloading\Operator Overloading.csproj", "{FEB4A9C0-337C-4C05-B431-B56F50C5439A}"
EndProject
Global
	GlobalSection(SolutionConfigurationPlatforms) = preSolution
		Debug|Any CPU = Debug|Any CPU
		Release|Any CPU = Release|Any CPU
	EndGlobalSection
	GlobalSection(ProjectConfigurationPlatforms) = postSolution
		{FEB4A9C0-337C-4C05-B431-B56F50C5439A}.Debug|Any CPU.ActiveCfg = Debug|Any CPU
		{FEB4A9C0-337C-4C05-B431-B56F50C5439A}.Debug|Any CPU.Build.0 = Debug|Any CPU
		{FEB4A9C0-337C-4C05-B431-B56F50C5439A}.Release|Any CPU.ActiveCfg = Release|Any CPU
		{FEB4A9C0-337C-4C05-B431-B56F50C5439A}.Release|Any CPU.Build.0 = Release|Any CPU
	EndGlobalSection
	GlobalSection(SolutionProperties) = preSolution
		HideSolutionNode = FALSE
	EndGlobalSection
	GlobalSection(ExtensibilityGlobals) = postSolution
		SolutionGuid = {82A680D6-C2C7-4107-B88D-3151CDB5646D}
	EndGlobalSection
EndGlobal
