
Microsoft Visual Studio Solution File, Format Version 12.00
# Visual Studio Version 17
VisualStudioVersion = 17.6.33815.320
MinimumVisualStudioVersion = 10.0.40219.1
Project("{FAE04EC0-301F-11D3-BF4B-00C04F79EFBC}") = "StructDemo1", "StructDemo1\StructDemo1.csproj", "{C97E869E-4E15-4043-99F9-4DB7DF8733B1}"
EndProject
Global
	GlobalSection(SolutionConfigurationPlatforms) = preSolution
		Debug|Any CPU = Debug|Any CPU
		Release|Any CPU = Release|Any CPU
	EndGlobalSection
	GlobalSection(ProjectConfigurationPlatforms) = postSolution
		{C97E869E-4E15-4043-99F9-4DB7DF8733B1}.Debug|Any CPU.ActiveCfg = Debug|Any CPU
		{C97E869E-4E15-4043-99F9-4DB7DF8733B1}.Debug|Any CPU.Build.0 = Debug|Any CPU
		{C97E869E-4E15-4043-99F9-4DB7DF8733B1}.Release|Any CPU.ActiveCfg = Release|Any CPU
		{C97E869E-4E15-4043-99F9-4DB7DF8733B1}.Release|Any CPU.Build.0 = Release|Any CPU
	EndGlobalSection
	GlobalSection(SolutionProperties) = preSolution
		HideSolutionNode = FALSE
	EndGlobalSection
	GlobalSection(ExtensibilityGlobals) = postSolution
		SolutionGuid = {78439784-CFFB-4418-AB30-ED1EA4960A20}
	EndGlobalSection
EndGlobal
